{
    "name": "vsc-netease-music",
    "version": "0.0.38",
    "lockfileVersion": 1,
    "requires": true,
    "dependencies": {
        "abstract-socket": {
            "version": "2.1.1",
            "resolved": "https://registry.npm.taobao.org/abstract-socket/download/abstract-socket-2.1.1.tgz",
            "integrity": "sha1-JDp+bm/2W7nqsWoi+pBpm5HlKPc=",
            "optional": true,
            "requires": {
                "bindings": "^1.2.1",
                "nan": "^2.12.1"
            }
        },
        "agent-base": {
            "version": "4.3.0",
            "resolved": "https://registry.npm.taobao.org/agent-base/download/agent-base-4.3.0.tgz?cache=0&sync_timestamp=1559767530964&other_urls=https%3A%2F%2Fregistry.npm.taobao.org%2Fagent-base%2Fdownload%2Fagent-base-4.3.0.tgz",
            "integrity": "sha1-gWXwHENgCbzK0LHRIvBe13Dvxu4=",
            "dev": true,
            "requires": {
                "es6-promisify": "^5.0.0"
            }
        },
        "ajv": {
            "version": "6.10.0",
            "resolved": "https://registry.npm.taobao.org/ajv/download/ajv-6.10.0.tgz",
            "integrity": "sha1-kNDVRDnaWHzX6EO/twRfUL0ivfE=",
            "dev": true,
            "requires": {
                "fast-deep-equal": "^2.0.1",
                "fast-json-stable-stringify": "^2.0.0",
                "json-schema-traverse": "^0.4.1",
                "uri-js": "^4.2.2"
            }
        },
        "asn1": {
            "version": "0.2.4",
            "resolved": "https://registry.npm.taobao.org/asn1/download/asn1-0.2.4.tgz",
            "integrity": "sha1-jSR136tVO7M+d7VOWeiAu4ziMTY=",
            "dev": true,
            "requires": {
                "safer-buffer": "~2.1.0"
            }
        },
        "assert-plus": {
            "version": "1.0.0",
            "resolved": "https://registry.npm.taobao.org/assert-plus/download/assert-plus-1.0.0.tgz",
            "integrity": "sha1-8S4PPF13sLHN2RRpQuTpbB5N1SU=",
            "dev": true
        },
        "asynckit": {
            "version": "0.4.0",
            "resolved": "https://registry.npm.taobao.org/asynckit/download/asynckit-0.4.0.tgz",
            "integrity": "sha1-x57Zf380y48robyXkLzDZkdLS3k=",
            "dev": true
        },
        "aws-sign2": {
            "version": "0.7.0",
            "resolved": "https://registry.npm.taobao.org/aws-sign2/download/aws-sign2-0.7.0.tgz",
            "integrity": "sha1-tG6JCTSpWR8tL2+G1+ap8bP+dqg=",
            "dev": true
        },
        "aws4": {
            "version": "1.8.0",
            "resolved": "https://registry.npm.taobao.org/aws4/download/aws4-1.8.0.tgz",
            "integrity": "sha1-8OAD2cqef1nHpQiUXXsu+aBKVC8=",
            "dev": true
        },
        "balanced-match": {
            "version": "1.0.0",
            "resolved": "https://registry.npm.taobao.org/balanced-match/download/balanced-match-1.0.0.tgz",
            "integrity": "sha1-ibTRmasr7kneFk6gK4nORi1xt2c=",
            "dev": true
        },
        "bcrypt-pbkdf": {
            "version": "1.0.2",
            "resolved": "https://registry.npm.taobao.org/bcrypt-pbkdf/download/bcrypt-pbkdf-1.0.2.tgz",
            "integrity": "sha1-pDAdOJtqQ/m2f/PKEaP2Y342Dp4=",
            "dev": true,
            "requires": {
                "tweetnacl": "^0.14.3"
            }
        },
        "bindings": {
            "version": "1.5.0",
            "resolved": "https://registry.npm.taobao.org/bindings/download/bindings-1.5.0.tgz?cache=0&other_urls=https%3A%2F%2Fregistry.npm.taobao.org%2Fbindings%2Fdownload%2Fbindings-1.5.0.tgz",
            "integrity": "sha1-EDU8npRTNLwFEabZCzj7x8nFBN8=",
            "optional": true,
            "requires": {
                "file-uri-to-path": "1.0.0"
            }
        },
        "brace-expansion": {
            "version": "1.1.11",
            "resolved": "https://registry.npm.taobao.org/brace-expansion/download/brace-expansion-1.1.11.tgz",
            "integrity": "sha1-PH/L9SnYcibz0vUrlm/1Jx60Qd0=",
            "dev": true,
            "requires": {
                "balanced-match": "^1.0.0",
                "concat-map": "0.0.1"
            }
        },
        "browser-stdout": {
            "version": "1.3.0",
            "resolved": "https://registry.npm.taobao.org/browser-stdout/download/browser-stdout-1.3.0.tgz",
            "integrity": "sha1-81HTKWnTL6XXpVZxVCY9korjvR8=",
            "dev": true
        },
        "buffer-from": {
            "version": "1.1.1",
            "resolved": "https://registry.npm.taobao.org/buffer-from/download/buffer-from-1.1.1.tgz",
            "integrity": "sha1-MnE7wCj3XAL9txDXx7zsHyxgcO8="
        },
        "caseless": {
            "version": "0.12.0",
            "resolved": "https://registry.npm.taobao.org/caseless/download/caseless-0.12.0.tgz",
            "integrity": "sha1-G2gcIf+EAzyCZUMJBolCDRhxUdw=",
            "dev": true
        },
        "combined-stream": {
            "version": "1.0.8",
            "resolved": "https://registry.npm.taobao.org/combined-stream/download/combined-stream-1.0.8.tgz",
            "integrity": "sha1-w9RaizT9cwYxoRCoolIGgrMdWn8=",
            "dev": true,
            "requires": {
                "delayed-stream": "~1.0.0"
            }
        },
        "commander": {
            "version": "2.11.0",
            "resolved": "https://registry.npm.taobao.org/commander/download/commander-2.11.0.tgz",
            "integrity": "sha1-FXFS/R56bI2YpbcVzzdt+SgARWM=",
            "dev": true
        },
        "concat-map": {
            "version": "0.0.1",
            "resolved": "https://registry.npm.taobao.org/concat-map/download/concat-map-0.0.1.tgz",
            "integrity": "sha1-2Klr13/Wjfd5OnMDajug1UBdR3s=",
            "dev": true
        },
        "core-util-is": {
            "version": "1.0.2",
            "resolved": "https://registry.npm.taobao.org/core-util-is/download/core-util-is-1.0.2.tgz",
            "integrity": "sha1-tf1UIgqivFq1eqtxQMlAdUUDwac=",
            "dev": true
        },
        "dashdash": {
            "version": "1.14.1",
            "resolved": "https://registry.npm.taobao.org/dashdash/download/dashdash-1.14.1.tgz",
            "integrity": "sha1-hTz6D3y+L+1d4gMmuN1YEDX24vA=",
            "dev": true,
            "requires": {
                "assert-plus": "^1.0.0"
            }
        },
        "dbus-next": {
            "version": "0.5.1",
            "resolved": "https://registry.npm.taobao.org/dbus-next/download/dbus-next-0.5.1.tgz",
            "integrity": "sha1-lLsaMNdEvHUEW+QOQLWeehlf2II=",
            "requires": {
                "abstract-socket": "^2.0.0",
                "event-stream": "3.3.4",
                "hexy": "^0.2.10",
                "jsbi": "^2.0.5",
                "long": "^4.0.0",
                "put": "0.0.6",
                "safe-buffer": "^5.1.1",
                "xml2js": "^0.4.17"
            }
        },
        "debug": {
            "version": "3.1.0",
            "resolved": "https://registry.npm.taobao.org/debug/download/debug-3.1.0.tgz",
            "integrity": "sha1-W7WgZyYotkFJVmuhaBnmFRjGcmE=",
            "dev": true,
            "requires": {
                "ms": "2.0.0"
            }
        },
        "deep-equal": {
            "version": "1.1.1",
            "resolved": "https://registry.npm.taobao.org/deep-equal/download/deep-equal-1.1.1.tgz",
            "integrity": "sha1-tcmMlCzv+vfLBR4k4UNKJaLmB2o=",
            "requires": {
                "is-arguments": "^1.0.4",
                "is-date-object": "^1.0.1",
                "is-regex": "^1.0.4",
                "object-is": "^1.0.1",
                "object-keys": "^1.1.1",
                "regexp.prototype.flags": "^1.2.0"
            }
        },
        "define-properties": {
            "version": "1.1.3",
            "resolved": "https://registry.npm.taobao.org/define-properties/download/define-properties-1.1.3.tgz",
            "integrity": "sha1-z4jabL7ib+bbcJT2HYcMvYTO6fE=",
            "requires": {
                "object-keys": "^1.0.12"
            }
        },
        "delayed-stream": {
            "version": "1.0.0",
            "resolved": "https://registry.npm.taobao.org/delayed-stream/download/delayed-stream-1.0.0.tgz",
            "integrity": "sha1-3zrhmayt+31ECqrgsp4icrJOxhk=",
            "dev": true
        },
        "diff": {
            "version": "3.3.1",
            "resolved": "https://registry.npm.taobao.org/diff/download/diff-3.3.1.tgz",
            "integrity": "sha1-qoVnpu7QPFMfyJ0/cRzQ5SWd7HU=",
            "dev": true
        },
        "duplexer": {
            "version": "0.1.1",
            "resolved": "https://registry.npm.taobao.org/duplexer/download/duplexer-0.1.1.tgz",
            "integrity": "sha1-rOb/gIwc5mtX0ev5eXessCM0z8E="
        },
        "ecc-jsbn": {
            "version": "0.1.2",
            "resolved": "https://registry.npm.taobao.org/ecc-jsbn/download/ecc-jsbn-0.1.2.tgz",
            "integrity": "sha1-OoOpBOVDUyh4dMVkt1SThoSamMk=",
            "dev": true,
            "requires": {
                "jsbn": "~0.1.0",
                "safer-buffer": "^2.1.0"
            }
        },
        "es-abstract": {
            "version": "1.17.4",
            "resolved": "https://registry.npm.taobao.org/es-abstract/download/es-abstract-1.17.4.tgz?cache=0&sync_timestamp=1579624493239&other_urls=https%3A%2F%2Fregistry.npm.taobao.org%2Fes-abstract%2Fdownload%2Fes-abstract-1.17.4.tgz",
            "integrity": "sha1-467fGXBrIOfCWUw1/A1XYFp54YQ=",
            "requires": {
                "es-to-primitive": "^1.2.1",
                "function-bind": "^1.1.1",
                "has": "^1.0.3",
                "has-symbols": "^1.0.1",
                "is-callable": "^1.1.5",
                "is-regex": "^1.0.5",
                "object-inspect": "^1.7.0",
                "object-keys": "^1.1.1",
                "object.assign": "^4.1.0",
                "string.prototype.trimleft": "^2.1.1",
                "string.prototype.trimright": "^2.1.1"
            }
        },
        "es-to-primitive": {
            "version": "1.2.1",
            "resolved": "https://registry.npm.taobao.org/es-to-primitive/download/es-to-primitive-1.2.1.tgz",
            "integrity": "sha1-5VzUyc3BiLzvsDs2bHNjI/xciYo=",
            "requires": {
                "is-callable": "^1.1.4",
                "is-date-object": "^1.0.1",
                "is-symbol": "^1.0.2"
            }
        },
        "es6-promise": {
            "version": "4.2.8",
            "resolved": "https://registry.npm.taobao.org/es6-promise/download/es6-promise-4.2.8.tgz",
            "integrity": "sha1-TrIVlMlyvEBVPSduUQU5FD21Pgo=",
            "dev": true
        },
        "es6-promisify": {
            "version": "5.0.0",
            "resolved": "https://registry.npm.taobao.org/es6-promisify/download/es6-promisify-5.0.0.tgz",
            "integrity": "sha1-UQnWLz5W6pZ8S2NQWu8IKRyKUgM=",
            "dev": true,
            "requires": {
                "es6-promise": "^4.0.3"
            }
        },
        "escape-string-regexp": {
            "version": "1.0.5",
            "resolved": "https://registry.npm.taobao.org/escape-string-regexp/download/escape-string-regexp-1.0.5.tgz?cache=0&other_urls=https%3A%2F%2Fregistry.npm.taobao.org%2Fescape-string-regexp%2Fdownload%2Fescape-string-regexp-1.0.5.tgz",
            "integrity": "sha1-G2HAViGQqN/2rjuyzwIAyhMLhtQ=",
            "dev": true
        },
        "event-stream": {
            "version": "3.3.4",
            "resolved": "https://registry.npm.taobao.org/event-stream/download/event-stream-3.3.4.tgz",
            "integrity": "sha1-SrTJoPWlTbkzi0w02Gv86PSzVXE=",
            "requires": {
                "duplexer": "~0.1.1",
                "from": "~0",
                "map-stream": "~0.1.0",
                "pause-stream": "0.0.11",
                "split": "0.3",
                "stream-combiner": "~0.0.4",
                "through": "~2.3.1"
            }
        },
        "extend": {
            "version": "3.0.2",
            "resolved": "https://registry.npm.taobao.org/extend/download/extend-3.0.2.tgz",
            "integrity": "sha1-+LETa0Bx+9jrFAr/hYsQGewpFfo=",
            "dev": true
        },
        "extsprintf": {
            "version": "1.3.0",
            "resolved": "https://registry.npm.taobao.org/extsprintf/download/extsprintf-1.3.0.tgz",
            "integrity": "sha1-lpGEQOMEGnpBT4xS48V06zw+HgU=",
            "dev": true
        },
        "fast-deep-equal": {
            "version": "2.0.1",
            "resolved": "https://registry.npm.taobao.org/fast-deep-equal/download/fast-deep-equal-2.0.1.tgz?cache=0&other_urls=https%3A%2F%2Fregistry.npm.taobao.org%2Ffast-deep-equal%2Fdownload%2Ffast-deep-equal-2.0.1.tgz",
            "integrity": "sha1-ewUhjd+WZ79/Nwv3/bLLFf3Qqkk=",
            "dev": true
        },
        "fast-json-stable-stringify": {
            "version": "2.0.0",
            "resolved": "https://registry.npm.taobao.org/fast-json-stable-stringify/download/fast-json-stable-stringify-2.0.0.tgz",
            "integrity": "sha1-1RQsDK7msRifh9OnYREGT4bIu/I=",
            "dev": true
        },
        "file-uri-to-path": {
            "version": "1.0.0",
            "resolved": "https://registry.npm.taobao.org/file-uri-to-path/download/file-uri-to-path-1.0.0.tgz?cache=0&sync_timestamp=1570825475173&other_urls=https%3A%2F%2Fregistry.npm.taobao.org%2Ffile-uri-to-path%2Fdownload%2Ffile-uri-to-path-1.0.0.tgz",
            "integrity": "sha1-VTp7hEb/b2hDWcRF8eN6BdrMM90=",
            "optional": true
        },
        "forever-agent": {
            "version": "0.6.1",
            "resolved": "https://registry.npm.taobao.org/forever-agent/download/forever-agent-0.6.1.tgz",
            "integrity": "sha1-+8cfDEGt6zf5bFd60e1C2P2sypE=",
            "dev": true
        },
        "form-data": {
            "version": "2.3.3",
            "resolved": "https://registry.npm.taobao.org/form-data/download/form-data-2.3.3.tgz",
            "integrity": "sha1-3M5SwF9kTymManq5Nr1yTO/786Y=",
            "dev": true,
            "requires": {
                "asynckit": "^0.4.0",
                "combined-stream": "^1.0.6",
                "mime-types": "^2.1.12"
            }
        },
        "from": {
            "version": "0.1.7",
            "resolved": "https://registry.npm.taobao.org/from/download/from-0.1.7.tgz",
            "integrity": "sha1-g8YK/Fi5xWmXAH7Rp2izqzA6RP4="
        },
        "fs.realpath": {
            "version": "1.0.0",
            "resolved": "https://registry.npm.taobao.org/fs.realpath/download/fs.realpath-1.0.0.tgz",
            "integrity": "sha1-FQStJSMVjKpA20onh8sBQRmU6k8=",
            "dev": true
        },
        "function-bind": {
            "version": "1.1.1",
            "resolved": "https://registry.npm.taobao.org/function-bind/download/function-bind-1.1.1.tgz",
            "integrity": "sha1-pWiZ0+o8m6uHS7l3O3xe3pL0iV0="
        },
        "getpass": {
            "version": "0.1.7",
            "resolved": "https://registry.npm.taobao.org/getpass/download/getpass-0.1.7.tgz",
            "integrity": "sha1-Xv+OPmhNVprkyysSgmBOi6YhSfo=",
            "dev": true,
            "requires": {
                "assert-plus": "^1.0.0"
            }
        },
        "glob": {
            "version": "7.1.4",
            "resolved": "https://registry.npm.taobao.org/glob/download/glob-7.1.4.tgz",
            "integrity": "sha1-qmCKL2xXetNX4a5aXCbZqNGWklU=",
            "dev": true,
            "requires": {
                "fs.realpath": "^1.0.0",
                "inflight": "^1.0.4",
                "inherits": "2",
                "minimatch": "^3.0.4",
                "once": "^1.3.0",
                "path-is-absolute": "^1.0.0"
            }
        },
        "growl": {
            "version": "1.10.3",
            "resolved": "https://registry.npm.taobao.org/growl/download/growl-1.10.3.tgz",
            "integrity": "sha1-GSa6kM8+3+KttJJ/WIC8IsZseQ8=",
            "dev": true
        },
        "har-schema": {
            "version": "2.0.0",
            "resolved": "https://registry.npm.taobao.org/har-schema/download/har-schema-2.0.0.tgz",
            "integrity": "sha1-qUwiJOvKwEeCoNkDVSHyRzW37JI=",
            "dev": true
        },
        "har-validator": {
            "version": "5.1.3",
            "resolved": "https://registry.npm.taobao.org/har-validator/download/har-validator-5.1.3.tgz",
            "integrity": "sha1-HvievT5JllV2de7ZiTEQ3DUPoIA=",
            "dev": true,
            "requires": {
                "ajv": "^6.5.5",
                "har-schema": "^2.0.0"
            }
        },
        "has": {
            "version": "1.0.3",
            "resolved": "https://registry.npm.taobao.org/has/download/has-1.0.3.tgz",
            "integrity": "sha1-ci18v8H2qoJB8W3YFOAR4fQeh5Y=",
            "requires": {
                "function-bind": "^1.1.1"
            }
        },
        "has-flag": {
            "version": "2.0.0",
            "resolved": "https://registry.npm.taobao.org/has-flag/download/has-flag-2.0.0.tgz",
            "integrity": "sha1-6CB68cx7MNRGzHC3NLXovhj4jVE=",
            "dev": true
        },
        "has-symbols": {
            "version": "1.0.1",
            "resolved": "https://registry.npm.taobao.org/has-symbols/download/has-symbols-1.0.1.tgz?cache=0&sync_timestamp=1573950719586&other_urls=https%3A%2F%2Fregistry.npm.taobao.org%2Fhas-symbols%2Fdownload%2Fhas-symbols-1.0.1.tgz",
            "integrity": "sha1-n1IUdYpEGWxAbZvXbOv4HsLdMeg="
        },
        "he": {
            "version": "1.1.1",
            "resolved": "https://registry.npm.taobao.org/he/download/he-1.1.1.tgz",
            "integrity": "sha1-k0EP0hsAlzUVH4howvJx80J+I/0=",
            "dev": true
        },
        "hexy": {
            "version": "0.2.11",
            "resolved": "https://registry.npm.taobao.org/hexy/download/hexy-0.2.11.tgz",
            "integrity": "sha1-mTnCXLb4apEwLyK4qKclc1GOJbQ="
        },
        "http-proxy-agent": {
            "version": "2.1.0",
            "resolved": "https://registry.npm.taobao.org/http-proxy-agent/download/http-proxy-agent-2.1.0.tgz",
            "integrity": "sha1-5IIb7vWyFCogJr1zkm/lN2McVAU=",
            "dev": true,
            "requires": {
                "agent-base": "4",
                "debug": "3.1.0"
            }
        },
        "http-signature": {
            "version": "1.2.0",
            "resolved": "https://registry.npm.taobao.org/http-signature/download/http-signature-1.2.0.tgz",
            "integrity": "sha1-muzZJRFHcvPZW2WmCruPfBj7rOE=",
            "dev": true,
            "requires": {
                "assert-plus": "^1.0.0",
                "jsprim": "^1.2.2",
                "sshpk": "^1.7.0"
            }
        },
        "https-proxy-agent": {
            "version": "2.2.1",
            "resolved": "https://registry.npm.taobao.org/https-proxy-agent/download/https-proxy-agent-2.2.1.tgz",
            "integrity": "sha1-UVUpcPoE1yPgTFbQQXjD+SWSu8A=",
            "dev": true,
            "requires": {
                "agent-base": "^4.1.0",
                "debug": "^3.1.0"
            }
        },
        "inflight": {
            "version": "1.0.6",
            "resolved": "https://registry.npm.taobao.org/inflight/download/inflight-1.0.6.tgz",
            "integrity": "sha1-Sb1jMdfQLQwJvJEKEHW6gWW1bfk=",
            "dev": true,
            "requires": {
                "once": "^1.3.0",
                "wrappy": "1"
            }
        },
        "inherits": {
            "version": "2.0.3",
            "resolved": "https://registry.npm.taobao.org/inherits/download/inherits-2.0.3.tgz",
            "integrity": "sha1-Yzwsg+PaQqUC9SRmAiSA9CCCYd4=",
            "dev": true
        },
        "is-arguments": {
            "version": "1.0.4",
            "resolved": "https://registry.npm.taobao.org/is-arguments/download/is-arguments-1.0.4.tgz",
            "integrity": "sha1-P6+WbHy6D/Q3+zH2JQCC/PBEjPM="
        },
        "is-callable": {
            "version": "1.1.5",
            "resolved": "https://registry.npm.taobao.org/is-callable/download/is-callable-1.1.5.tgz",
            "integrity": "sha1-9+RrWWiQRW23Tn9ul2yzJz0G+qs="
        },
        "is-date-object": {
            "version": "1.0.2",
            "resolved": "https://registry.npm.taobao.org/is-date-object/download/is-date-object-1.0.2.tgz?cache=0&sync_timestamp=1576729182289&other_urls=https%3A%2F%2Fregistry.npm.taobao.org%2Fis-date-object%2Fdownload%2Fis-date-object-1.0.2.tgz",
            "integrity": "sha1-vac28s2P0G0yhE53Q7+nSUw7/X4="
        },
        "is-regex": {
            "version": "1.0.5",
            "resolved": "https://registry.npm.taobao.org/is-regex/download/is-regex-1.0.5.tgz",
            "integrity": "sha1-OdWJo1i/GJZ/cmlnEguPwa7XTq4=",
            "requires": {
                "has": "^1.0.3"
            }
        },
        "is-symbol": {
            "version": "1.0.3",
            "resolved": "https://registry.npm.taobao.org/is-symbol/download/is-symbol-1.0.3.tgz",
            "integrity": "sha1-OOEBS55jKb4N6dJKQU/XRB7GGTc=",
            "requires": {
                "has-symbols": "^1.0.1"
            }
        },
        "is-typedarray": {
            "version": "1.0.0",
            "resolved": "https://registry.npm.taobao.org/is-typedarray/download/is-typedarray-1.0.0.tgz",
            "integrity": "sha1-5HnICFjfDBsR3dppQPlgEfzaSpo=",
            "dev": true
        },
        "isstream": {
            "version": "0.1.2",
            "resolved": "https://registry.npm.taobao.org/isstream/download/isstream-0.1.2.tgz",
            "integrity": "sha1-R+Y/evVa+m+S4VAOaQ64uFKcCZo=",
            "dev": true
        },
        "jsbi": {
            "version": "2.0.5",
            "resolved": "https://registry.npm.taobao.org/jsbi/download/jsbi-2.0.5.tgz",
            "integrity": "sha1-gliQEdqH3Fm0tUnZTc71GpFV9v4="
        },
        "jsbn": {
            "version": "0.1.1",
            "resolved": "https://registry.npm.taobao.org/jsbn/download/jsbn-0.1.1.tgz",
            "integrity": "sha1-peZUwuWi3rXyAdls77yoDA7y9RM=",
            "dev": true
        },
        "json-schema": {
            "version": "0.2.3",
            "resolved": "https://registry.npm.taobao.org/json-schema/download/json-schema-0.2.3.tgz",
            "integrity": "sha1-tIDIkuWaLwWVTOcnvT8qTogvnhM=",
            "dev": true
        },
        "json-schema-traverse": {
            "version": "0.4.1",
            "resolved": "https://registry.npm.taobao.org/json-schema-traverse/download/json-schema-traverse-0.4.1.tgz",
            "integrity": "sha1-afaofZUTq4u4/mO9sJecRI5oRmA=",
            "dev": true
        },
        "json-stringify-safe": {
            "version": "5.0.1",
            "resolved": "https://registry.npm.taobao.org/json-stringify-safe/download/json-stringify-safe-5.0.1.tgz",
            "integrity": "sha1-Epai1Y/UXxmg9s4B1lcB4sc1tus=",
            "dev": true
        },
        "jsprim": {
            "version": "1.4.1",
            "resolved": "https://registry.npm.taobao.org/jsprim/download/jsprim-1.4.1.tgz",
            "integrity": "sha1-MT5mvB5cwG5Di8G3SZwuXFastqI=",
            "dev": true,
            "requires": {
                "assert-plus": "1.0.0",
                "extsprintf": "1.3.0",
                "json-schema": "0.2.3",
                "verror": "1.10.0"
            }
        },
        "long": {
            "version": "4.0.0",
            "resolved": "https://registry.npm.taobao.org/long/download/long-4.0.0.tgz",
            "integrity": "sha1-mntxz7fTYaGU6lVSQckvdGjVvyg="
        },
        "map-stream": {
            "version": "0.1.0",
            "resolved": "https://registry.npm.taobao.org/map-stream/download/map-stream-0.1.0.tgz",
            "integrity": "sha1-5WqpTEyAVaFkBKBnS3jyFffI4ZQ="
        },
        "mime-db": {
            "version": "1.40.0",
            "resolved": "https://registry.npm.taobao.org/mime-db/download/mime-db-1.40.0.tgz",
            "integrity": "sha1-plBX6ZjbCQ9zKmj2wnbTh9QSbDI=",
            "dev": true
        },
        "mime-types": {
            "version": "2.1.24",
            "resolved": "https://registry.npm.taobao.org/mime-types/download/mime-types-2.1.24.tgz?cache=0&other_urls=https%3A%2F%2Fregistry.npm.taobao.org%2Fmime-types%2Fdownload%2Fmime-types-2.1.24.tgz",
            "integrity": "sha1-tvjQs+lR77d97eyhlM/20W9nb4E=",
            "dev": true,
            "requires": {
                "mime-db": "1.40.0"
            }
        },
        "minimatch": {
            "version": "3.0.4",
            "resolved": "https://registry.npm.taobao.org/minimatch/download/minimatch-3.0.4.tgz?cache=0&other_urls=https%3A%2F%2Fregistry.npm.taobao.org%2Fminimatch%2Fdownload%2Fminimatch-3.0.4.tgz",
            "integrity": "sha1-UWbihkV/AzBgZL5Ul+jbsMPTIIM=",
            "dev": true,
            "requires": {
                "brace-expansion": "^1.1.7"
            }
        },
        "minimist": {
            "version": "0.0.8",
            "resolved": "https://registry.npm.taobao.org/minimist/download/minimist-0.0.8.tgz",
            "integrity": "sha1-hX/Kv8M5fSYluCKCYuhqp6ARsF0=",
            "dev": true
        },
        "mkdirp": {
            "version": "0.5.1",
            "resolved": "https://registry.npm.taobao.org/mkdirp/download/mkdirp-0.5.1.tgz?cache=0&other_urls=https%3A%2F%2Fregistry.npm.taobao.org%2Fmkdirp%2Fdownload%2Fmkdirp-0.5.1.tgz",
            "integrity": "sha1-MAV0OOrGz3+MR2fzhkjWaX11yQM=",
            "dev": true,
            "requires": {
                "minimist": "0.0.8"
            }
        },
        "mocha": {
            "version": "4.1.0",
            "resolved": "https://registry.npm.taobao.org/mocha/download/mocha-4.1.0.tgz?cache=0&other_urls=https%3A%2F%2Fregistry.npm.taobao.org%2Fmocha%2Fdownload%2Fmocha-4.1.0.tgz",
            "integrity": "sha1-fYbPvPNcuCnidUwy4XNV7AUzh5Q=",
            "dev": true,
            "requires": {
                "browser-stdout": "1.3.0",
                "commander": "2.11.0",
                "debug": "3.1.0",
                "diff": "3.3.1",
                "escape-string-regexp": "1.0.5",
                "glob": "7.1.2",
                "growl": "1.10.3",
                "he": "1.1.1",
                "mkdirp": "0.5.1",
                "supports-color": "4.4.0"
            },
            "dependencies": {
                "glob": {
                    "version": "7.1.2",
                    "resolved": "https://registry.npm.taobao.org/glob/download/glob-7.1.2.tgz",
                    "integrity": "sha1-wZyd+aAocC1nhhI4SmVSQExjbRU=",
                    "dev": true,
                    "requires": {
                        "fs.realpath": "^1.0.0",
                        "inflight": "^1.0.4",
                        "inherits": "2",
                        "minimatch": "^3.0.4",
                        "once": "^1.3.0",
                        "path-is-absolute": "^1.0.0"
                    }
                }
            }
        },
        "mpris-service": {
            "version": "2.1.0",
            "resolved": "https://registry.npm.taobao.org/mpris-service/download/mpris-service-2.1.0.tgz",
            "integrity": "sha1-C7+1tHqbPgHOi5pBqK7wrTIQyQk=",
            "requires": {
                "dbus-next": "^0.5.1",
                "deep-equal": "^1.0.1",
                "source-map-support": "^0.5.11"
            }
        },
        "ms": {
            "version": "2.0.0",
            "resolved": "https://registry.npm.taobao.org/ms/download/ms-2.0.0.tgz",
            "integrity": "sha1-VgiurfwAvmwpAd9fmGF4jeDVl8g=",
            "dev": true
        },
        "nan": {
            "version": "2.14.0",
            "resolved": "https://registry.npm.taobao.org/nan/download/nan-2.14.0.tgz",
            "integrity": "sha1-eBj3IgJ7JFmobwKV1DTR/CM2xSw=",
            "optional": true
        },
        "oauth-sign": {
            "version": "0.9.0",
            "resolved": "https://registry.npm.taobao.org/oauth-sign/download/oauth-sign-0.9.0.tgz",
            "integrity": "sha1-R6ewFrqmi1+g7PPe4IqFxnmsZFU=",
            "dev": true
        },
        "object-inspect": {
            "version": "1.7.0",
            "resolved": "https://registry.npm.taobao.org/object-inspect/download/object-inspect-1.7.0.tgz",
            "integrity": "sha1-9Pa9GBrXfwBrXs5gvQtvOY/3Smc="
        },
        "object-is": {
            "version": "1.0.2",
            "resolved": "https://registry.npm.taobao.org/object-is/download/object-is-1.0.2.tgz?cache=0&sync_timestamp=1576479714417&other_urls=https%3A%2F%2Fregistry.npm.taobao.org%2Fobject-is%2Fdownload%2Fobject-is-1.0.2.tgz",
            "integrity": "sha1-a4DrhP5FFJj2UAeYLwNaW0Re3sQ="
        },
        "object-keys": {
            "version": "1.1.1",
            "resolved": "https://registry.npm.taobao.org/object-keys/download/object-keys-1.1.1.tgz",
            "integrity": "sha1-HEfyct8nfzsdrwYWd9nILiMixg4="
        },
        "object.assign": {
            "version": "4.1.0",
            "resolved": "https://registry.npm.taobao.org/object.assign/download/object.assign-4.1.0.tgz",
            "integrity": "sha1-lovxEA15Vrs8oIbwBvhGs7xACNo=",
            "requires": {
                "define-properties": "^1.1.2",
                "function-bind": "^1.1.1",
                "has-symbols": "^1.0.0",
                "object-keys": "^1.0.11"
            }
        },
        "once": {
            "version": "1.4.0",
            "resolved": "https://registry.npm.taobao.org/once/download/once-1.4.0.tgz",
            "integrity": "sha1-WDsap3WWHUsROsF9nFC6753Xa9E=",
            "dev": true,
            "requires": {
                "wrappy": "1"
            }
        },
        "path-is-absolute": {
            "version": "1.0.1",
            "resolved": "https://registry.npm.taobao.org/path-is-absolute/download/path-is-absolute-1.0.1.tgz",
            "integrity": "sha1-F0uSaHNVNP+8es5r9TpanhtcX18=",
            "dev": true
        },
        "pause-stream": {
            "version": "0.0.11",
            "resolved": "https://registry.npm.taobao.org/pause-stream/download/pause-stream-0.0.11.tgz",
            "integrity": "sha1-/lo0sMvOErWqaitAPuLnO2AvFEU=",
            "requires": {
                "through": "~2.3"
            }
        },
        "performance-now": {
            "version": "2.1.0",
            "resolved": "https://registry.npm.taobao.org/performance-now/download/performance-now-2.1.0.tgz",
            "integrity": "sha1-Ywn04OX6kT7BxpMHrjZLSzd8nns=",
            "dev": true
        },
        "psl": {
            "version": "1.1.32",
            "resolved": "https://registry.npm.taobao.org/psl/download/psl-1.1.32.tgz",
            "integrity": "sha1-PxMnF88vnBaXJLK2yvNzz2lBmNs=",
            "dev": true
        },
        "punycode": {
            "version": "2.1.1",
            "resolved": "https://registry.npm.taobao.org/punycode/download/punycode-2.1.1.tgz",
            "integrity": "sha1-tYsBCsQMIsVldhbI0sLALHv0eew=",
            "dev": true
        },
        "put": {
            "version": "0.0.6",
            "resolved": "https://registry.npm.taobao.org/put/download/put-0.0.6.tgz",
            "integrity": "sha1-MPX2C9bkOJvTKeFqJThsuy5KAKM="
        },
        "qs": {
            "version": "6.5.2",
            "resolved": "https://registry.npm.taobao.org/qs/download/qs-6.5.2.tgz?cache=0&other_urls=https%3A%2F%2Fregistry.npm.taobao.org%2Fqs%2Fdownload%2Fqs-6.5.2.tgz",
            "integrity": "sha1-yzroBuh0BERYTvFUzo7pjUA/PjY=",
            "dev": true
        },
        "querystringify": {
            "version": "2.1.1",
            "resolved": "https://registry.npm.taobao.org/querystringify/download/querystringify-2.1.1.tgz",
            "integrity": "sha1-YOWl/WSn+L+k0qsu1v30yFutFU4=",
            "dev": true
        },
        "regexp.prototype.flags": {
            "version": "1.3.0",
            "resolved": "https://registry.npm.taobao.org/regexp.prototype.flags/download/regexp.prototype.flags-1.3.0.tgz?cache=0&sync_timestamp=1576388141321&other_urls=https%3A%2F%2Fregistry.npm.taobao.org%2Fregexp.prototype.flags%2Fdownload%2Fregexp.prototype.flags-1.3.0.tgz",
            "integrity": "sha1-erqJs8E6ZFCdq888qNn7ub31y3U=",
            "requires": {
                "define-properties": "^1.1.3",
                "es-abstract": "^1.17.0-next.1"
            }
        },
        "request": {
            "version": "2.88.0",
            "resolved": "https://registry.npm.taobao.org/request/download/request-2.88.0.tgz",
            "integrity": "sha1-nC/KT301tZLv5Xx/ClXoEFIST+8=",
            "dev": true,
            "requires": {
                "aws-sign2": "~0.7.0",
                "aws4": "^1.8.0",
                "caseless": "~0.12.0",
                "combined-stream": "~1.0.6",
                "extend": "~3.0.2",
                "forever-agent": "~0.6.1",
                "form-data": "~2.3.2",
                "har-validator": "~5.1.0",
                "http-signature": "~1.2.0",
                "is-typedarray": "~1.0.0",
                "isstream": "~0.1.2",
                "json-stringify-safe": "~5.0.1",
                "mime-types": "~2.1.19",
                "oauth-sign": "~0.9.0",
                "performance-now": "^2.1.0",
                "qs": "~6.5.2",
                "safe-buffer": "^5.1.2",
                "tough-cookie": "~2.4.3",
                "tunnel-agent": "^0.6.0",
                "uuid": "^3.3.2"
            }
        },
        "requires-port": {
            "version": "1.0.0",
            "resolved": "https://registry.npm.taobao.org/requires-port/download/requires-port-1.0.0.tgz",
            "integrity": "sha1-kl0mAdOaxIXgkc8NpcbmlNw9yv8=",
            "dev": true
        },
        "safe-buffer": {
            "version": "5.1.2",
            "resolved": "https://registry.npm.taobao.org/safe-buffer/download/safe-buffer-5.1.2.tgz",
            "integrity": "sha1-mR7GnSluAxN0fVm9/St0XDX4go0="
        },
        "safer-buffer": {
            "version": "2.1.2",
            "resolved": "https://registry.npm.taobao.org/safer-buffer/download/safer-buffer-2.1.2.tgz?cache=0&other_urls=https%3A%2F%2Fregistry.npm.taobao.org%2Fsafer-buffer%2Fdownload%2Fsafer-buffer-2.1.2.tgz",
            "integrity": "sha1-RPoWGwGHuVSd2Eu5GAL5vYOFzWo=",
            "dev": true
        },
        "sax": {
            "version": "1.2.4",
            "resolved": "https://registry.npm.taobao.org/sax/download/sax-1.2.4.tgz",
            "integrity": "sha1-KBYjTiN4vdxOU1T6tcqold9xANk="
        },
        "semver": {
            "version": "5.7.0",
            "resolved": "https://registry.npm.taobao.org/semver/download/semver-5.7.0.tgz?cache=0&other_urls=https%3A%2F%2Fregistry.npm.taobao.org%2Fsemver%2Fdownload%2Fsemver-5.7.0.tgz",
            "integrity": "sha1-eQp89v6lRZuslhELKbYEEtyP+Ws=",
            "dev": true
        },
        "source-map": {
            "version": "0.6.1",
            "resolved": "https://registry.npm.taobao.org/source-map/download/source-map-0.6.1.tgz",
            "integrity": "sha1-dHIq8y6WFOnCh6jQu95IteLxomM="
        },
        "source-map-support": {
            "version": "0.5.12",
            "resolved": "https://registry.npm.taobao.org/source-map-support/download/source-map-support-0.5.12.tgz",
            "integrity": "sha1-tPOxDVGFelrwE4086AA7IBYT1Zk=",
            "requires": {
                "buffer-from": "^1.0.0",
                "source-map": "^0.6.0"
            }
        },
        "split": {
            "version": "0.3.3",
            "resolved": "https://registry.npm.taobao.org/split/download/split-0.3.3.tgz",
            "integrity": "sha1-zQ7qXmOiEd//frDwkcQTPi0N0o8=",
            "requires": {
                "through": "2"
            }
        },
        "sshpk": {
            "version": "1.16.1",
            "resolved": "https://registry.npm.taobao.org/sshpk/download/sshpk-1.16.1.tgz",
            "integrity": "sha1-+2YcC+8ps520B2nuOfpwCT1vaHc=",
            "dev": true,
            "requires": {
                "asn1": "~0.2.3",
                "assert-plus": "^1.0.0",
                "bcrypt-pbkdf": "^1.0.0",
                "dashdash": "^1.12.0",
                "ecc-jsbn": "~0.1.1",
                "getpass": "^0.1.1",
                "jsbn": "~0.1.0",
                "safer-buffer": "^2.0.2",
                "tweetnacl": "~0.14.0"
            }
        },
        "stream-combiner": {
            "version": "0.0.4",
            "resolved": "https://registry.npm.taobao.org/stream-combiner/download/stream-combiner-0.0.4.tgz",
            "integrity": "sha1-TV5DPBhSYd3mI8o/RMWGvPXErRQ=",
            "requires": {
                "duplexer": "~0.1.1"
            }
        },
        "string.prototype.trimleft": {
            "version": "2.1.1",
            "resolved": "https://registry.npm.taobao.org/string.prototype.trimleft/download/string.prototype.trimleft-2.1.1.tgz",
            "integrity": "sha1-m9uKxqvW1gKxek7TIYcNL43O/HQ=",
            "requires": {
                "define-properties": "^1.1.3",
                "function-bind": "^1.1.1"
            }
        },
        "string.prototype.trimright": {
            "version": "2.1.1",
            "resolved": "https://registry.npm.taobao.org/string.prototype.trimright/download/string.prototype.trimright-2.1.1.tgz",
            "integrity": "sha1-RAMUsVmWyGbOigNBiU1FGGIAxdk=",
            "requires": {
                "define-properties": "^1.1.3",
                "function-bind": "^1.1.1"
            }
        },
        "supports-color": {
            "version": "4.4.0",
            "resolved": "https://registry.npm.taobao.org/supports-color/download/supports-color-4.4.0.tgz",
            "integrity": "sha1-iD992rwWUUKyphQn8zUt7RldGj4=",
            "dev": true,
            "requires": {
                "has-flag": "^2.0.0"
            }
        },
        "through": {
            "version": "2.3.8",
            "resolved": "https://registry.npm.taobao.org/through/download/through-2.3.8.tgz",
            "integrity": "sha1-DdTJ/6q8NXlgsbckEV1+Doai4fU="
        },
        "tough-cookie": {
            "version": "2.4.3",
            "resolved": "https://registry.npm.taobao.org/tough-cookie/download/tough-cookie-2.4.3.tgz",
            "integrity": "sha1-U/Nto/R3g7CSWvoG/587FlKA94E=",
            "dev": true,
            "requires": {
                "psl": "^1.1.24",
                "punycode": "^1.4.1"
            },
            "dependencies": {
                "punycode": {
                    "version": "1.4.1",
                    "resolved": "https://registry.npm.taobao.org/punycode/download/punycode-1.4.1.tgz",
                    "integrity": "sha1-wNWmOycYgArY4esPpSachN1BhF4=",
                    "dev": true
                }
            }
        },
        "tunnel-agent": {
            "version": "0.6.0",
            "resolved": "https://registry.npm.taobao.org/tunnel-agent/download/tunnel-agent-0.6.0.tgz",
            "integrity": "sha1-J6XeoGs2sEoKmWZ3SykIaPD8QP0=",
            "dev": true,
            "requires": {
                "safe-buffer": "^5.0.1"
            }
        },
        "tweetnacl": {
            "version": "0.14.5",
            "resolved": "https://registry.npm.taobao.org/tweetnacl/download/tweetnacl-0.14.5.tgz",
            "integrity": "sha1-WuaBd/GS1EViadEIr6k/+HQ/T2Q=",
            "dev": true
        },
        "uri-js": {
            "version": "4.2.2",
            "resolved": "https://registry.npm.taobao.org/uri-js/download/uri-js-4.2.2.tgz",
            "integrity": "sha1-lMVA4f93KVbiKZUHwBCupsiDjrA=",
            "dev": true,
            "requires": {
                "punycode": "^2.1.0"
            }
        },
        "url-parse": {
            "version": "1.4.7",
            "resolved": "https://registry.npm.taobao.org/url-parse/download/url-parse-1.4.7.tgz",
            "integrity": "sha1-qKg1NejACjFuQDpdtKwbm4U64ng=",
            "dev": true,
            "requires": {
                "querystringify": "^2.1.1",
                "requires-port": "^1.0.0"
            }
        },
        "uuid": {
            "version": "3.3.2",
            "resolved": "https://registry.npm.taobao.org/uuid/download/uuid-3.3.2.tgz?cache=0&other_urls=https%3A%2F%2Fregistry.npm.taobao.org%2Fuuid%2Fdownload%2Fuuid-3.3.2.tgz",
            "integrity": "sha1-G0r0lV6zB3xQHCOHL8ZROBFYcTE=",
            "dev": true
        },
        "verror": {
            "version": "1.10.0",
            "resolved": "https://registry.npm.taobao.org/verror/download/verror-1.10.0.tgz?cache=0&other_urls=https%3A%2F%2Fregistry.npm.taobao.org%2Fverror%2Fdownload%2Fverror-1.10.0.tgz",
            "integrity": "sha1-OhBcoXBTr1XW4nDB+CiGguGNpAA=",
            "dev": true,
            "requires": {
                "assert-plus": "^1.0.0",
                "core-util-is": "1.0.2",
                "extsprintf": "^1.2.0"
            }
        },
        "vscode": {
            "version": "1.1.34",
            "resolved": "https://registry.npm.taobao.org/vscode/download/vscode-1.1.34.tgz",
            "integrity": "sha1-OrpdLzqdQ/TnmPaTMzn+X8+3gsY=",
            "dev": true,
            "requires": {
                "glob": "^7.1.2",
                "mocha": "^4.0.1",
                "request": "^2.88.0",
                "semver": "^5.4.1",
                "source-map-support": "^0.5.0",
                "url-parse": "^1.4.4",
                "vscode-test": "^0.4.1"
            }
        },
        "vscode-test": {
            "version": "0.4.3",
            "resolved": "https://registry.npm.taobao.org/vscode-test/download/vscode-test-0.4.3.tgz",
            "integrity": "sha1-Rh6/JfxLyT132YKu1VZlii4rkLg=",
            "dev": true,
            "requires": {
                "http-proxy-agent": "^2.1.0",
                "https-proxy-agent": "^2.2.1"
            }
        },
        "wrappy": {
            "version": "1.0.2",
            "resolved": "https://registry.npm.taobao.org/wrappy/download/wrappy-1.0.2.tgz",
            "integrity": "sha1-tSQ9jz7BqjXxNkYFvA0QNuMKtp8=",
            "dev": true
        },
        "xml2js": {
            "version": "0.4.23",
            "resolved": "https://registry.npm.taobao.org/xml2js/download/xml2js-0.4.23.tgz",
            "integrity": "sha1-oMaVFnUkIesqx1juTUzPWIQ+rGY=",
            "requires": {
                "sax": ">=0.6.0",
                "xmlbuilder": "~11.0.0"
            }
        },
        "xmlbuilder": {
            "version": "11.0.1",
            "resolved": "https://registry.npm.taobao.org/xmlbuilder/download/xmlbuilder-11.0.1.tgz",
            "integrity": "sha1-vpuuHIoEbnazESdyY0fQrXACvrM="
        }
    }
}
